
Microsoft Visual Studio Solution File, Format Version 12.00
Project("{FAE04EC0-301F-11D3-BF4B-00C04F79EFBC}") = "WindowApps", "WindowApps\WindowApps.csproj", "{7E1FE4B6-0C15-472D-9B9F-9E1B1FE60187}"
EndProject
Global
	GlobalSection(SolutionConfigurationPlatforms) = preSolution
		Debug|Any CPU = Debug|Any CPU
		Release|Any CPU = Release|Any CPU
	EndGlobalSection
	GlobalSection(ProjectConfigurationPlatforms) = postSolution
		{7E1FE4B6-0C15-472D-9B9F-9E1B1FE60187}.Debug|Any CPU.ActiveCfg = Debug|Any CPU
		{7E1FE4B6-0C15-472D-9B9F-9E1B1FE60187}.Debug|Any CPU.Build.0 = Debug|Any CPU
		{7E1FE4B6-0C15-472D-9B9F-9E1B1FE60187}.Release|Any CPU.ActiveCfg = Release|Any CPU
		{7E1FE4B6-0C15-472D-9B9F-9E1B1FE60187}.Release|Any CPU.Build.0 = Release|Any CPU
	EndGlobalSection
EndGlobal
